
Microsoft Visual Studio Solution File, Format Version 12.00
# Visual Studio Version 17
VisualStudioVersion = 17.11.35005.142
MinimumVisualStudioVersion = 10.0.40219.1
Project("{9A19103F-16F7-4668-BE54-9A1E7A4F7556}") = "RiF", "RiF.csproj", "{DD998802-8906-4429-BFD2-06728B3B72AF}"
EndProject
Global
	GlobalSection(SolutionConfigurationPlatforms) = preSolution
		Debug|Any CPU = Debug|Any CPU
		Release|Any CPU = Release|Any CPU
	EndGlobalSection
	GlobalSection(ProjectConfigurationPlatforms) = postSolution
		{DD998802-8906-4429-BFD2-06728B3B72AF}.Debug|Any CPU.ActiveCfg = Debug|Any CPU
		{DD998802-8906-4429-BFD2-06728B3B72AF}.Debug|Any CPU.Build.0 = Debug|Any CPU
		{DD998802-8906-4429-BFD2-06728B3B72AF}.Debug|Any CPU.Deploy.0 = Debug|Any CPU
		{DD998802-8906-4429-BFD2-06728B3B72AF}.Release|Any CPU.ActiveCfg = Release|Any CPU
		{DD998802-8906-4429-BFD2-06728B3B72AF}.Release|Any CPU.Build.0 = Release|Any CPU
	EndGlobalSection
	GlobalSection(SolutionProperties) = preSolution
		HideSolutionNode = FALSE
	EndGlobalSection
	GlobalSection(ExtensibilityGlobals) = postSolution
		SolutionGuid = {DD2E66C5-9396-46DD-BF11-DDA768851AF2}
	EndGlobalSection
EndGlobal
